// !$*UTF8*$!
{
	archiveVersion = 1;
	classes = {
	};
	objectVersion = 50;
	objects = {

/* Begin PBXBuildFile section */
		42F2CCF861DD6758F3513C97 /* Pods_testJSON.framework in Frameworks */ = {isa = PBXBuildFile; fileRef = 3E39C9D513EA847559083BBF /* Pods_testJSON.framework */; };
		F109BC1C21797E5600258D88 /* MainTabVC.swift in Sources */ = {isa = PBXBuildFile; fileRef = F109BC1B21797E5600258D88 /* MainTabVC.swift */; };
		F109BC1E21797FDF00258D88 /* LogInVC.swift in Sources */ = {isa = PBXBuildFile; fileRef = F109BC1D21797FDF00258D88 /* LogInVC.swift */; };
		F109BC202179CB1600258D88 /* OverViewVC.swift in Sources */ = {isa = PBXBuildFile; fileRef = F109BC1F2179CB1600258D88 /* OverViewVC.swift */; };
		F112E42C216E067D00B216C9 /* MultiVC.swift in Sources */ = {isa = PBXBuildFile; fileRef = F112E42B216E067D00B216C9 /* MultiVC.swift */; };
		F148CD81216C7F5E0020A7D4 /* StatVC.swift in Sources */ = {isa = PBXBuildFile; fileRef = F148CD80216C7F5E0020A7D4 /* StatVC.swift */; };
		F148CD83216C7F970020A7D4 /* Stat.swift in Sources */ = {isa = PBXBuildFile; fileRef = F148CD82216C7F970020A7D4 /* Stat.swift */; };
		F148CD85216C834E0020A7D4 /* StatTableViewCell.swift in Sources */ = {isa = PBXBuildFile; fileRef = F148CD84216C834D0020A7D4 /* StatTableViewCell.swift */; };
		F148CD87216C89EA0020A7D4 /* DetailStatVC.swift in Sources */ = {isa = PBXBuildFile; fileRef = F148CD86216C89EA0020A7D4 /* DetailStatVC.swift */; };
		F148CD89216C91140020A7D4 /* DetailStatCell.swift in Sources */ = {isa = PBXBuildFile; fileRef = F148CD88216C91140020A7D4 /* DetailStatCell.swift */; };
		F148CD8B216CBA940020A7D4 /* StockVC.swift in Sources */ = {isa = PBXBuildFile; fileRef = F148CD8A216CBA930020A7D4 /* StockVC.swift */; };
		F148CD8D216CBD080020A7D4 /* StockCell.swift in Sources */ = {isa = PBXBuildFile; fileRef = F148CD8C216CBD080020A7D4 /* StockCell.swift */; };
		F148CD8F216CBE1C0020A7D4 /* Stock.swift in Sources */ = {isa = PBXBuildFile; fileRef = F148CD8E216CBE1C0020A7D4 /* Stock.swift */; };
		F149B7EC216B4D17005B74B4 /* AppDelegate.swift in Sources */ = {isa = PBXBuildFile; fileRef = F149B7EB216B4D17005B74B4 /* AppDelegate.swift */; };
		F149B7EE216B4D17005B74B4 /* OrderVC.swift in Sources */ = {isa = PBXBuildFile; fileRef = F149B7ED216B4D17005B74B4 /* OrderVC.swift */; };
		F149B7F1216B4D17005B74B4 /* Main.storyboard in Resources */ = {isa = PBXBuildFile; fileRef = F149B7EF216B4D17005B74B4 /* Main.storyboard */; };
		F149B7F3216B4D1A005B74B4 /* Assets.xcassets in Resources */ = {isa = PBXBuildFile; fileRef = F149B7F2216B4D1A005B74B4 /* Assets.xcassets */; };
		F149B7F6216B4D1A005B74B4 /* LaunchScreen.storyboard in Resources */ = {isa = PBXBuildFile; fileRef = F149B7F4216B4D1A005B74B4 /* LaunchScreen.storyboard */; };
		F149B7FE216B51BB005B74B4 /* DateCell.swift in Sources */ = {isa = PBXBuildFile; fileRef = F149B7FD216B51BB005B74B4 /* DateCell.swift */; };
		F149B800216B54F5005B74B4 /* Gold.swift in Sources */ = {isa = PBXBuildFile; fileRef = F149B7FF216B54F5005B74B4 /* Gold.swift */; };
		F157127C21709F2F00D68A35 /* Double.swift in Sources */ = {isa = PBXBuildFile; fileRef = F157127B21709F2F00D68A35 /* Double.swift */; };
/* End PBXBuildFile section */

/* Begin PBXFileReference section */
		3E39C9D513EA847559083BBF /* Pods_testJSON.framework */ = {isa = PBXFileReference; explicitFileType = wrapper.framework; includeInIndex = 0; path = Pods_testJSON.framework; sourceTree = BUILT_PRODUCTS_DIR; };
		97DF7202903C4E674A4C3A5A /* Pods-testJSON.release.xcconfig */ = {isa = PBXFileReference; includeInIndex = 1; lastKnownFileType = text.xcconfig; name = "Pods-testJSON.release.xcconfig"; path = "Pods/Target Support Files/Pods-testJSON/Pods-testJSON.release.xcconfig"; sourceTree = "<group>"; };
		EA7F3372A57DB4EB83247B9D /* Pods-testJSON.debug.xcconfig */ = {isa = PBXFileReference; includeInIndex = 1; lastKnownFileType = text.xcconfig; name = "Pods-testJSON.debug.xcconfig"; path = "Pods/Target Support Files/Pods-testJSON/Pods-testJSON.debug.xcconfig"; sourceTree = "<group>"; };
		F109BC1B21797E5600258D88 /* MainTabVC.swift */ = {isa = PBXFileReference; lastKnownFileType = sourcecode.swift; path = MainTabVC.swift; sourceTree = "<group>"; };
		F109BC1D21797FDF00258D88 /* LogInVC.swift */ = {isa = PBXFileReference; lastKnownFileType = sourcecode.swift; path = LogInVC.swift; sourceTree = "<group>"; };
		F109BC1F2179CB1600258D88 /* OverViewVC.swift */ = {isa = PBXFileReference; lastKnownFileType = sourcecode.swift; path = OverViewVC.swift; sourceTree = "<group>"; };
		F112E42B216E067D00B216C9 /* MultiVC.swift */ = {isa = PBXFileReference; lastKnownFileType = sourcecode.swift; path = MultiVC.swift; sourceTree = "<group>"; };
		F148CD80216C7F5E0020A7D4 /* StatVC.swift */ = {isa = PBXFileReference; lastKnownFileType = sourcecode.swift; path = StatVC.swift; sourceTree = "<group>"; };
		F148CD82216C7F970020A7D4 /* Stat.swift */ = {isa = PBXFileReference; lastKnownFileType = sourcecode.swift; path = Stat.swift; sourceTree = "<group>"; };
		F148CD84216C834D0020A7D4 /* StatTableViewCell.swift */ = {isa = PBXFileReference; lastKnownFileType = sourcecode.swift; path = StatTableViewCell.swift; sourceTree = "<group>"; };
		F148CD86216C89EA0020A7D4 /* DetailStatVC.swift */ = {isa = PBXFileReference; lastKnownFileType = sourcecode.swift; path = DetailStatVC.swift; sourceTree = "<group>"; };
		F148CD88216C91140020A7D4 /* DetailStatCell.swift */ = {isa = PBXFileReference; lastKnownFileType = sourcecode.swift; path = DetailStatCell.swift; sourceTree = "<group>"; };
		F148CD8A216CBA930020A7D4 /* StockVC.swift */ = {isa = PBXFileReference; lastKnownFileType = sourcecode.swift; path = StockVC.swift; sourceTree = "<group>"; };
		F148CD8C216CBD080020A7D4 /* StockCell.swift */ = {isa = PBXFileReference; lastKnownFileType = sourcecode.swift; path = StockCell.swift; sourceTree = "<group>"; };
		F148CD8E216CBE1C0020A7D4 /* Stock.swift */ = {isa = PBXFileReference; lastKnownFileType = sourcecode.swift; path = Stock.swift; sourceTree = "<group>"; };
		F149B7E8216B4D17005B74B4 /* testJSON.app */ = {isa = PBXFileReference; explicitFileType = wrapper.application; includeInIndex = 0; path = testJSON.app; sourceTree = BUILT_PRODUCTS_DIR; };
		F149B7EB216B4D17005B74B4 /* AppDelegate.swift */ = {isa = PBXFileReference; lastKnownFileType = sourcecode.swift; path = AppDelegate.swift; sourceTree = "<group>"; };
		F149B7ED216B4D17005B74B4 /* OrderVC.swift */ = {isa = PBXFileReference; lastKnownFileType = sourcecode.swift; path = OrderVC.swift; sourceTree = "<group>"; };
		F149B7F0216B4D17005B74B4 /* Base */ = {isa = PBXFileReference; lastKnownFileType = file.storyboard; name = Base; path = Base.lproj/Main.storyboard; sourceTree = "<group>"; };
		F149B7F2216B4D1A005B74B4 /* Assets.xcassets */ = {isa = PBXFileReference; lastKnownFileType = folder.assetcatalog; path = Assets.xcassets; sourceTree = "<group>"; };
		F149B7F5216B4D1A005B74B4 /* Base */ = {isa = PBXFileReference; lastKnownFileType = file.storyboard; name = Base; path = Base.lproj/LaunchScreen.storyboard; sourceTree = "<group>"; };
		F149B7F7216B4D1A005B74B4 /* Info.plist */ = {isa = PBXFileReference; lastKnownFileType = text.plist.xml; path = Info.plist; sourceTree = "<group>"; };
		F149B7FD216B51BB005B74B4 /* DateCell.swift */ = {isa = PBXFileReference; lastKnownFileType = sourcecode.swift; path = DateCell.swift; sourceTree = "<group>"; };
		F149B7FF216B54F5005B74B4 /* Gold.swift */ = {isa = PBXFileReference; lastKnownFileType = sourcecode.swift; path = Gold.swift; sourceTree = "<group>"; };
		F157127B21709F2F00D68A35 /* Double.swift */ = {isa = PBXFileReference; lastKnownFileType = sourcecode.swift; path = Double.swift; sourceTree = "<group>"; };
/* End PBXFileReference section */

/* Begin PBXFrameworksBuildPhase section */
		F149B7E5216B4D17005B74B4 /* Frameworks */ = {
			isa = PBXFrameworksBuildPhase;
			buildActionMask = 2147483647;
			files = (
				42F2CCF861DD6758F3513C97 /* Pods_testJSON.framework in Frameworks */,
			);
			runOnlyForDeploymentPostprocessing = 0;
		};
/* End PBXFrameworksBuildPhase section */

/* Begin PBXGroup section */
		41FF9BC95C179673E26063AD /* Pods */ = {
			isa = PBXGroup;
			children = (
				EA7F3372A57DB4EB83247B9D /* Pods-testJSON.debug.xcconfig */,
				97DF7202903C4E674A4C3A5A /* Pods-testJSON.release.xcconfig */,
			);
			name = Pods;
			sourceTree = "<group>";
		};
		58E0889E2F93B47754D6C93F /* Frameworks */ = {
			isa = PBXGroup;
			children = (
				3E39C9D513EA847559083BBF /* Pods_testJSON.framework */,
			);
			name = Frameworks;
			sourceTree = "<group>";
		};
		F149B7DF216B4D17005B74B4 = {
			isa = PBXGroup;
			children = (
				F149B7EA216B4D17005B74B4 /* testJSON */,
				F149B7E9216B4D17005B74B4 /* Products */,
				41FF9BC95C179673E26063AD /* Pods */,
				58E0889E2F93B47754D6C93F /* Frameworks */,
			);
			sourceTree = "<group>";
		};
		F149B7E9216B4D17005B74B4 /* Products */ = {
			isa = PBXGroup;
			children = (
				F149B7E8216B4D17005B74B4 /* testJSON.app */,
			);
			name = Products;
			sourceTree = "<group>";
		};
		F149B7EA216B4D17005B74B4 /* testJSON */ = {
			isa = PBXGroup;
			children = (
				F15712782170930F00D68A35 /* Controller */,
				F15712792170936200D68A35 /* Model */,
				F157127A2170938A00D68A35 /* ModelView */,
				F149B7EF216B4D17005B74B4 /* Main.storyboard */,
				F149B7F2216B4D1A005B74B4 /* Assets.xcassets */,
				F149B7EB216B4D17005B74B4 /* AppDelegate.swift */,
				F157127B21709F2F00D68A35 /* Double.swift */,
				F149B7F4216B4D1A005B74B4 /* LaunchScreen.storyboard */,
				F149B7F7216B4D1A005B74B4 /* Info.plist */,
			);
			path = testJSON;
			sourceTree = "<group>";
		};
		F15712782170930F00D68A35 /* Controller */ = {
			isa = PBXGroup;
			children = (
				F109BC1D21797FDF00258D88 /* LogInVC.swift */,
				F109BC1B21797E5600258D88 /* MainTabVC.swift */,
				F148CD80216C7F5E0020A7D4 /* StatVC.swift */,
				F148CD86216C89EA0020A7D4 /* DetailStatVC.swift */,
				F148CD8A216CBA930020A7D4 /* StockVC.swift */,
				F149B7ED216B4D17005B74B4 /* OrderVC.swift */,
				F109BC1F2179CB1600258D88 /* OverViewVC.swift */,
				F112E42B216E067D00B216C9 /* MultiVC.swift */,
			);
			path = Controller;
			sourceTree = "<group>";
		};
		F15712792170936200D68A35 /* Model */ = {
			isa = PBXGroup;
			children = (
				F149B7FF216B54F5005B74B4 /* Gold.swift */,
				F148CD82216C7F970020A7D4 /* Stat.swift */,
				F148CD8E216CBE1C0020A7D4 /* Stock.swift */,
			);
			path = Model;
			sourceTree = "<group>";
		};
		F157127A2170938A00D68A35 /* ModelView */ = {
			isa = PBXGroup;
			children = (
				F148CD84216C834D0020A7D4 /* StatTableViewCell.swift */,
				F148CD88216C91140020A7D4 /* DetailStatCell.swift */,
				F149B7FD216B51BB005B74B4 /* DateCell.swift */,
				F148CD8C216CBD080020A7D4 /* StockCell.swift */,
			);
			path = ModelView;
			sourceTree = "<group>";
		};
/* End PBXGroup section */

/* Begin PBXNativeTarget section */
		F149B7E7216B4D17005B74B4 /* testJSON */ = {
			isa = PBXNativeTarget;
			buildConfigurationList = F149B7FA216B4D1A005B74B4 /* Build configuration list for PBXNativeTarget "testJSON" */;
			buildPhases = (
				2190B58256141B13182F89D1 /* [CP] Check Pods Manifest.lock */,
				F149B7E4216B4D17005B74B4 /* Sources */,
				F149B7E5216B4D17005B74B4 /* Frameworks */,
				F149B7E6216B4D17005B74B4 /* Resources */,
				D1DB5E637445B177F5A72119 /* [CP] Embed Pods Frameworks */,
			);
			buildRules = (
			);
			dependencies = (
			);
			name = testJSON;
			productName = testJSON;
			productReference = F149B7E8216B4D17005B74B4 /* testJSON.app */;
			productType = "com.apple.product-type.application";
		};
/* End PBXNativeTarget section */

/* Begin PBXProject section */
		F149B7E0216B4D17005B74B4 /* Project object */ = {
			isa = PBXProject;
			attributes = {
				LastSwiftUpdateCheck = 1000;
				LastUpgradeCheck = 1000;
				ORGANIZATIONNAME = nProject;
				TargetAttributes = {
					F149B7E7216B4D17005B74B4 = {
						CreatedOnToolsVersion = 10.0;
					};
				};
			};
			buildConfigurationList = F149B7E3216B4D17005B74B4 /* Build configuration list for PBXProject "testJSON" */;
			compatibilityVersion = "Xcode 9.3";
			developmentRegion = en;
			hasScannedForEncodings = 0;
			knownRegions = (
				en,
				Base,
			);
			mainGroup = F149B7DF216B4D17005B74B4;
			productRefGroup = F149B7E9216B4D17005B74B4 /* Products */;
			projectDirPath = "";
			projectRoot = "";
			targets = (
				F149B7E7216B4D17005B74B4 /* testJSON */,
			);
		};
/* End PBXProject section */

/* Begin PBXResourcesBuildPhase section */
		F149B7E6216B4D17005B74B4 /* Resources */ = {
			isa = PBXResourcesBuildPhase;
			buildActionMask = 2147483647;
			files = (
				F149B7F6216B4D1A005B74B4 /* LaunchScreen.storyboard in Resources */,
				F149B7F3216B4D1A005B74B4 /* Assets.xcassets in Resources */,
				F149B7F1216B4D17005B74B4 /* Main.storyboard in Resources */,
			);
			runOnlyForDeploymentPostprocessing = 0;
		};
/* End PBXResourcesBuildPhase section */

/* Begin PBXShellScriptBuildPhase section */
		2190B58256141B13182F89D1 /* [CP] Check Pods Manifest.lock */ = {
			isa = PBXShellScriptBuildPhase;
			buildActionMask = 2147483647;
			files = (
			);
			inputPaths = (
				"${PODS_PODFILE_DIR_PATH}/Podfile.lock",
				"${PODS_ROOT}/Manifest.lock",
			);
			name = "[CP] Check Pods Manifest.lock";
			outputPaths = (
				"$(DERIVED_FILE_DIR)/Pods-testJSON-checkManifestLockResult.txt",
			);
			runOnlyForDeploymentPostprocessing = 0;
			shellPath = /bin/sh;
			shellScript = "diff \"${PODS_PODFILE_DIR_PATH}/Podfile.lock\" \"${PODS_ROOT}/Manifest.lock\" > /dev/null\nif [ $? != 0 ] ; then\n    # print error to STDERR\n    echo \"error: The sandbox is not in sync with the Podfile.lock. Run 'pod install' or update your CocoaPods installation.\" >&2\n    exit 1\nfi\n# This output is used by Xcode 'outputs' to avoid re-running this script phase.\necho \"SUCCESS\" > \"${SCRIPT_OUTPUT_FILE_0}\"\n";
			showEnvVarsInLog = 0;
		};
		D1DB5E637445B177F5A72119 /* [CP] Embed Pods Frameworks */ = {
			isa = PBXShellScriptBuildPhase;
			buildActionMask = 2147483647;
			files = (
			);
			inputPaths = (
				"${SRCROOT}/Pods/Target Support Files/Pods-testJSON/Pods-testJSON-frameworks.sh",
				"${BUILT_PRODUCTS_DIR}/Charts/Charts.framework",
			);
			name = "[CP] Embed Pods Frameworks";
			outputPaths = (
				"${TARGET_BUILD_DIR}/${FRAMEWORKS_FOLDER_PATH}/Charts.framework",
			);
			runOnlyForDeploymentPostprocessing = 0;
			shellPath = /bin/sh;
			shellScript = "\"${SRCROOT}/Pods/Target Support Files/Pods-testJSON/Pods-testJSON-frameworks.sh\"\n";
			showEnvVarsInLog = 0;
		};
/* End PBXShellScriptBuildPhase section */

/* Begin PBXSourcesBuildPhase section */
		F149B7E4216B4D17005B74B4 /* Sources */ = {
			isa = PBXSourcesBuildPhase;
			buildActionMask = 2147483647;
			files = (
				F149B7EE216B4D17005B74B4 /* OrderVC.swift in Sources */,
				F148CD8B216CBA940020A7D4 /* StockVC.swift in Sources */,
				F109BC202179CB1600258D88 /* OverViewVC.swift in Sources */,
				F148CD8F216CBE1C0020A7D4 /* Stock.swift in Sources */,
				F148CD83216C7F970020A7D4 /* Stat.swift in Sources */,
				F149B7FE216B51BB005B74B4 /* DateCell.swift in Sources */,
				F148CD8D216CBD080020A7D4 /* StockCell.swift in Sources */,
				F112E42C216E067D00B216C9 /* MultiVC.swift in Sources */,
				F148CD85216C834E0020A7D4 /* StatTableViewCell.swift in Sources */,
				F148CD89216C91140020A7D4 /* DetailStatCell.swift in Sources */,
				F149B7EC216B4D17005B74B4 /* AppDelegate.swift in Sources */,
				F109BC1E21797FDF00258D88 /* LogInVC.swift in Sources */,
				F148CD87216C89EA0020A7D4 /* DetailStatVC.swift in Sources */,
				F148CD81216C7F5E0020A7D4 /* StatVC.swift in Sources */,
				F157127C21709F2F00D68A35 /* Double.swift in Sources */,
				F109BC1C21797E5600258D88 /* MainTabVC.swift in Sources */,
				F149B800216B54F5005B74B4 /* Gold.swift in Sources */,
			);
			runOnlyForDeploymentPostprocessing = 0;
		};
/* End PBXSourcesBuildPhase section */

/* Begin PBXVariantGroup section */
		F149B7EF216B4D17005B74B4 /* Main.storyboard */ = {
			isa = PBXVariantGroup;
			children = (
				F149B7F0216B4D17005B74B4 /* Base */,
			);
			name = Main.storyboard;
			sourceTree = "<group>";
		};
		F149B7F4216B4D1A005B74B4 /* LaunchScreen.storyboard */ = {
			isa = PBXVariantGroup;
			children = (
				F149B7F5216B4D1A005B74B4 /* Base */,
			);
			name = LaunchScreen.storyboard;
			sourceTree = "<group>";
		};
/* End PBXVariantGroup section */

/* Begin XCBuildConfiguration section */
		F149B7F8216B4D1A005B74B4 /* Debug */ = {
			isa = XCBuildConfiguration;
			buildSettings = {
				ALWAYS_SEARCH_USER_PATHS = NO;
				CLANG_ANALYZER_NONNULL = YES;
				CLANG_ANALYZER_NUMBER_OBJECT_CONVERSION = YES_AGGRESSIVE;
				CLANG_CXX_LANGUAGE_STANDARD = "gnu++14";
				CLANG_CXX_LIBRARY = "libc++";
				CLANG_ENABLE_MODULES = YES;
				CLANG_ENABLE_OBJC_ARC = YES;
				CLANG_ENABLE_OBJC_WEAK = YES;
				CLANG_WARN_BLOCK_CAPTURE_AUTORELEASING = YES;
				CLANG_WARN_BOOL_CONVERSION = YES;
				CLANG_WARN_COMMA = YES;
				CLANG_WARN_CONSTANT_CONVERSION = YES;
				CLANG_WARN_DEPRECATED_OBJC_IMPLEMENTATIONS = YES;
				CLANG_WARN_DIRECT_OBJC_ISA_USAGE = YES_ERROR;
				CLANG_WARN_DOCUMENTATION_COMMENTS = YES;
				CLANG_WARN_EMPTY_BODY = YES;
				CLANG_WARN_ENUM_CONVERSION = YES;
				CLANG_WARN_INFINITE_RECURSION = YES;
				CLANG_WARN_INT_CONVERSION = YES;
				CLANG_WARN_NON_LITERAL_NULL_CONVERSION = YES;
				CLANG_WARN_OBJC_IMPLICIT_RETAIN_SELF = YES;
				CLANG_WARN_OBJC_LITERAL_CONVERSION = YES;
				CLANG_WARN_OBJC_ROOT_CLASS = YES_ERROR;
				CLANG_WARN_RANGE_LOOP_ANALYSIS = YES;
				CLANG_WARN_STRICT_PROTOTYPES = YES;
				CLANG_WARN_SUSPICIOUS_MOVE = YES;
				CLANG_WARN_UNGUARDED_AVAILABILITY = YES_AGGRESSIVE;
				CLANG_WARN_UNREACHABLE_CODE = YES;
				CLANG_WARN__DUPLICATE_METHOD_MATCH = YES;
				CODE_SIGN_IDENTITY = "iPhone Developer";
				COPY_PHASE_STRIP = NO;
				DEBUG_INFORMATION_FORMAT = dwarf;
				ENABLE_STRICT_OBJC_MSGSEND = YES;
				ENABLE_TESTABILITY = YES;
				GCC_C_LANGUAGE_STANDARD = gnu11;
				GCC_DYNAMIC_NO_PIC = NO;
				GCC_NO_COMMON_BLOCKS = YES;
				GCC_OPTIMIZATION_LEVEL = 0;
				GCC_PREPROCESSOR_DEFINITIONS = (
					"DEBUG=1",
					"$(inherited)",
				);
				GCC_WARN_64_TO_32_BIT_CONVERSION = YES;
				GCC_WARN_ABOUT_RETURN_TYPE = YES_ERROR;
				GCC_WARN_UNDECLARED_SELECTOR = YES;
				GCC_WARN_UNINITIALIZED_AUTOS = YES_AGGRESSIVE;
				GCC_WARN_UNUSED_FUNCTION = YES;
				GCC_WARN_UNUSED_VARIABLE = YES;
				IPHONEOS_DEPLOYMENT_TARGET = 12.0;
				MTL_ENABLE_DEBUG_INFO = INCLUDE_SOURCE;
				MTL_FAST_MATH = YES;
				ONLY_ACTIVE_ARCH = YES;
				SDKROOT = iphoneos;
				SWIFT_ACTIVE_COMPILATION_CONDITIONS = DEBUG;
				SWIFT_OPTIMIZATION_LEVEL = "-Onone";
			};
			name = Debug;
		};
		F149B7F9216B4D1A005B74B4 /* Release */ = {
			isa = XCBuildConfiguration;
			buildSettings = {
				ALWAYS_SEARCH_USER_PATHS = NO;
				CLANG_ANALYZER_NONNULL = YES;
				CLANG_ANALYZER_NUMBER_OBJECT_CONVERSION = YES_AGGRESSIVE;
				CLANG_CXX_LANGUAGE_STANDARD = "gnu++14";
				CLANG_CXX_LIBRARY = "libc++";
				CLANG_ENABLE_MODULES = YES;
				CLANG_ENABLE_OBJC_ARC = YES;
				CLANG_ENABLE_OBJC_WEAK = YES;
				CLANG_WARN_BLOCK_CAPTURE_AUTORELEASING = YES;
				CLANG_WARN_BOOL_CONVERSION = YES;
				CLANG_WARN_COMMA = YES;
				CLANG_WARN_CONSTANT_CONVERSION = YES;
				CLANG_WARN_DEPRECATED_OBJC_IMPLEMENTATIONS = YES;
				CLANG_WARN_DIRECT_OBJC_ISA_USAGE = YES_ERROR;
				CLANG_WARN_DOCUMENTATION_COMMENTS = YES;
				CLANG_WARN_EMPTY_BODY = YES;
				CLANG_WARN_ENUM_CONVERSION = YES;
				CLANG_WARN_INFINITE_RECURSION = YES;
				CLANG_WARN_INT_CONVERSION = YES;
				CLANG_WARN_NON_LITERAL_NULL_CONVERSION = YES;
				CLANG_WARN_OBJC_IMPLICIT_RETAIN_SELF = YES;
				CLANG_WARN_OBJC_LITERAL_CONVERSION = YES;
				CLANG_WARN_OBJC_ROOT_CLASS = YES_ERROR;
				CLANG_WARN_RANGE_LOOP_ANALYSIS = YES;
				CLANG_WARN_STRICT_PROTOTYPES = YES;
				CLANG_WARN_SUSPICIOUS_MOVE = YES;
				CLANG_WARN_UNGUARDED_AVAILABILITY = YES_AGGRESSIVE;
				CLANG_WARN_UNREACHABLE_CODE = YES;
				CLANG_WARN__DUPLICATE_METHOD_MATCH = YES;
				CODE_SIGN_IDENTITY = "iPhone Developer";
				COPY_PHASE_STRIP = NO;
				DEBUG_INFORMATION_FORMAT = "dwarf-with-dsym";
				ENABLE_NS_ASSERTIONS = NO;
				ENABLE_STRICT_OBJC_MSGSEND = YES;
				GCC_C_LANGUAGE_STANDARD = gnu11;
				GCC_NO_COMMON_BLOCKS = YES;
				GCC_WARN_64_TO_32_BIT_CONVERSION = YES;
				GCC_WARN_ABOUT_RETURN_TYPE = YES_ERROR;
				GCC_WARN_UNDECLARED_SELECTOR = YES;
				GCC_WARN_UNINITIALIZED_AUTOS = YES_AGGRESSIVE;
				GCC_WARN_UNUSED_FUNCTION = YES;
				GCC_WARN_UNUSED_VARIABLE = YES;
				IPHONEOS_DEPLOYMENT_TARGET = 12.0;
				MTL_ENABLE_DEBUG_INFO = NO;
				MTL_FAST_MATH = YES;
				SDKROOT = iphoneos;
				SWIFT_COMPILATION_MODE = wholemodule;
				SWIFT_OPTIMIZATION_LEVEL = "-O";
				VALIDATE_PRODUCT = YES;
			};
			name = Release;
		};
		F149B7FB216B4D1A005B74B4 /* Debug */ = {
			isa = XCBuildConfiguration;
			baseConfigurationReference = EA7F3372A57DB4EB83247B9D /* Pods-testJSON.debug.xcconfig */;
			buildSettings = {
				ASSETCATALOG_COMPILER_APPICON_NAME = AppIcon;
				CODE_SIGN_STYLE = Automatic;
				DEVELOPMENT_TEAM = 8K7U3NLGK3;
				INFOPLIST_FILE = testJSON/Info.plist;
				LD_RUNPATH_SEARCH_PATHS = (
					"$(inherited)",
					"@executable_path/Frameworks",
				);
				PRODUCT_BUNDLE_IDENTIFIER = com.censpi.Split.testJSON;
				PRODUCT_NAME = "$(TARGET_NAME)";
				SWIFT_VERSION = 4.2;
				TARGETED_DEVICE_FAMILY = "1,2";
			};
			name = Debug;
		};
		F149B7FC216B4D1A005B74B4 /* Release */ = {
			isa = XCBuildConfiguration;
			baseConfigurationReference = 97DF7202903C4E674A4C3A5A /* Pods-testJSON.release.xcconfig */;
			buildSettings = {
				ASSETCATALOG_COMPILER_APPICON_NAME = AppIcon;
				CODE_SIGN_STYLE = Automatic;
				DEVELOPMENT_TEAM = 8K7U3NLGK3;
				INFOPLIST_FILE = testJSON/Info.plist;
				LD_RUNPATH_SEARCH_PATHS = (
					"$(inherited)",
					"@executable_path/Frameworks",
				);
				PRODUCT_BUNDLE_IDENTIFIER = com.censpi.Split.testJSON;
				PRODUCT_NAME = "$(TARGET_NAME)";
				SWIFT_VERSION = 4.2;
				TARGETED_DEVICE_FAMILY = "1,2";
			};
			name = Release;
		};
/* End XCBuildConfiguration section */

/* Begin XCConfigurationList section */
		F149B7E3216B4D17005B74B4 /* Build configuration list for PBXProject "testJSON" */ = {
			isa = XCConfigurationList;
			buildConfigurations = (
				F149B7F8216B4D1A005B74B4 /* Debug */,
				F149B7F9216B4D1A005B74B4 /* Release */,
			);
			defaultConfigurationIsVisible = 0;
			defaultConfigurationName = Release;
		};
		F149B7FA216B4D1A005B74B4 /* Build configuration list for PBXNativeTarget "testJSON" */ = {
			isa = XCConfigurationList;
			buildConfigurations = (
				F149B7FB216B4D1A005B74B4 /* Debug */,
				F149B7FC216B4D1A005B74B4 /* Release */,
			);
			defaultConfigurationIsVisible = 0;
			defaultConfigurationName = Release;
		};
/* End XCConfigurationList section */
	};
	rootObject = F149B7E0216B4D17005B74B4 /* Project object */;
}
